github.com/julienschmidt/httprouter v1.3.0 h1:U0609e9tgbseu3rBINet9P48AI/D3oJs4dN7jwJOQ1U=
github.com/julienschmidt/httprouter v1.3.0/go.mod h1:JR6WtHb+2LUe8TCKY3cZOxFyyO8IZAc4RVcycCCAKdM=
gopkg.in/h2non/bimg.v1 v1.1.9 h1:wZIUbeOnwr37Ta4aofhIv8OI8v4ujpjXC9mXnAGpQjM=
gopkg.in/h2non/bimg.v1 v1.1.9/go.mod h1:PgsZL7dLwUbsGm1NYps320GxGgvQNTnecMCZqxV11So=
