github.com/adrium/goheif v0.0.0-20200323230657-a0d6a8b3e68f h1:tpbuKdLUtPaAL3SLDWF0Vhpn13jmuwzNpHaP8k9cZEM=
github.com/adrium/goheif v0.0.0-20200323230657-a0d6a8b3e68f/go.mod h1:aKVJoQ0cc9K5Xb058XSnnAxXLliR97qbSqWBlm5ca1E=
github.com/chai2010/tiff v0.0.0-20211005095045-4ec2aa243943 h1:CjuhVIUiyWQZVY4rmcvm/9R+60e/Wi6LkXyHU38MqXI=
github.com/chai2010/tiff v0.0.0-20211005095045-4ec2aa243943/go.mod h1:FhMMqekobM33oGdTfbi65oQ9P7bnQ5/0EDfmleW35RE=
github.com/jdeng/goheif v0.0.0-20200323230657-a0d6a8b3e68f h1:jYkcRYsnnvPF07yn4XJx3k8duM4KDw3QYB3p8bUrk80=
github.com/jdeng/goheif v0.0.0-20200323230657-a0d6a8b3e68f/go.mod h1:G7IyA3/eR9IFmUIPdyP3c0l4ZaqEvXAk876WfaQ8plc=
github.com/julienschmidt/httprouter v1.3.0 h1:U0609e9tgbseu3rBINet9P48AI/D3oJs4dN7jwJOQ1U=
github.com/julienschmidt/httprouter v1.3.0/go.mod h1:JR6WtHb+2LUe8TCKY3cZOxFyyO8IZAc4RVcycCCAKdM=
github.com/rwcarlsen/goexif v0.0.0-20190401172101-9e8deecbddbd h1:CmH9+J6ZSsIjUK3dcGsnCnO41eRBOnY12zwkn5qVwgc=
github.com/rwcarlsen/goexif v0.0.0-20190401172101-9e8deecbddbd/go.mod h1:hPqNNc0+uJM6H+SuU8sEs5K5IQeKccPqeSjfgcKGgPk=
golang.org/x/image v0.18.0 h1:jGzIakQa/ZXI1I0Fxvaa9W7yP25TqT6cHIHn+6CqvSQ=
golang.org/x/image v0.18.0/go.mod h1:4yyo5vMFQjVjUcVk4jEQcU9MGy/rulF5WvUILseCM2E=
