github.com/MaestroError/go-libheif v0.3.0 h1:204PWXPzbxMAWHzQsnRpS8X99SMxRLlXapgQCeMlCMA=
github.com/MaestroError/go-libheif v0.3.0/go.mod h1:Tm3itYEAZS4K41yP81EudQXZsPaN8Ij85wMXRBkHKhI=
github.com/julienschmidt/httprouter v1.3.0 h1:U0609e9tgbseu3rBINet9P48AI/D3oJs4dN7jwJOQ1U=
github.com/julienschmidt/httprouter v1.3.0/go.mod h1:JR6WtHb+2LUe8TCKY3cZOxFyyO8IZAc4RVcycCCAKdM=
github.com/strukturag/libheif v1.16.2 h1:wCgk8RhYopsFsg73misRH7HLlKflrVBYyIcIcxd/Dr0=
github.com/strukturag/libheif v1.16.2/go.mod h1:E/PNRlmVtrtj9j2AvBZlrO4dsBDu6KfwDZn7X1Ce8Ks=
github.com/strukturag/libheif v1.18.0 h1:O65SuHwVYQWEXFeyxwLNvAD0LWzAcKTpwmJ9vzW9+sk=
github.com/strukturag/libheif v1.18.0/go.mod h1:E/PNRlmVtrtj9j2AvBZlrO4dsBDu6KfwDZn7X1Ce8Ks=
